{
  "object": {
    "pins": [
      {
        "package": "PMKCoreLocation",
        "repositoryURL": "https://github.com/PromiseKit/CoreLocation",
        "state": {
          "branch": null,
          "revision": "c4ea4dba6e0516986b3cb1d93c86f6991ce46861",
          "version": "3.1.0"
        }
      },
      {
        "package": "PMKFoundation",
        "repositoryURL": "https://github.com/PromiseKit/Foundation",
        "state": {
          "branch": null,
          "revision": "0a59b0d89f469979aecacdf9046df14f99d1cc6b",
          "version": "3.3.2"
        }
      },
      {
        "package": "PromiseKit",
        "repositoryURL": "https://github.com/mxcl/PromiseKit/",
        "state": {
          "branch": null,
          "revision": "fe1e9c5b62465227cceb7b0e6e79489ba7b824af",
          "version": "6.8.4"
        }
      }
    ]
  },
  "version": 1
}
